
Microsoft Visual Studio Solution File, Format Version 12.00
# Visual Studio 15
VisualStudioVersion = 15.0.28010.2036
MinimumVisualStudioVersion = 10.0.40219.1
Project("{FAE04EC0-301F-11D3-BF4B-00C04F79EFBC}") = "AngryMail", "AngryMail\AngryMail.csproj", "{0B5276C4-3774-4B8F-9B5D-1614B8DBD315}"
EndProject
Project("{FAE04EC0-301F-11D3-BF4B-00C04F79EFBC}") = "CameraPreview", "CameraPreview\CameraPreview.csproj", "{B4A788FF-9981-4FAD-8BC7-DDBD93503658}"
EndProject
Global
	GlobalSection(SolutionConfigurationPlatforms) = preSolution
		Debug|Any CPU = Debug|Any CPU
		Release|Any CPU = Release|Any CPU
	EndGlobalSection
	GlobalSection(ProjectConfigurationPlatforms) = postSolution
		{0B5276C4-3774-4B8F-9B5D-1614B8DBD315}.Debug|Any CPU.ActiveCfg = Debug|Any CPU
		{0B5276C4-3774-4B8F-9B5D-1614B8DBD315}.Debug|Any CPU.Build.0 = Debug|Any CPU
		{0B5276C4-3774-4B8F-9B5D-1614B8DBD315}.Release|Any CPU.ActiveCfg = Release|Any CPU
		{0B5276C4-3774-4B8F-9B5D-1614B8DBD315}.Release|Any CPU.Build.0 = Release|Any CPU
		{B4A788FF-9981-4FAD-8BC7-DDBD93503658}.Debug|Any CPU.ActiveCfg = Debug|Any CPU
		{B4A788FF-9981-4FAD-8BC7-DDBD93503658}.Debug|Any CPU.Build.0 = Debug|Any CPU
		{B4A788FF-9981-4FAD-8BC7-DDBD93503658}.Release|Any CPU.ActiveCfg = Release|Any CPU
		{B4A788FF-9981-4FAD-8BC7-DDBD93503658}.Release|Any CPU.Build.0 = Release|Any CPU
	EndGlobalSection
	GlobalSection(SolutionProperties) = preSolution
		HideSolutionNode = FALSE
	EndGlobalSection
	GlobalSection(ExtensibilityGlobals) = postSolution
		SolutionGuid = {EFCB18C3-9328-41ED-8281-3B96D88DD24A}
	EndGlobalSection
EndGlobal
